{
    "version": 3,
    "terraform_version": "0.10.4",
    "serial": 52,
    "lineage": "0fa1c617-a8d5-4a71-b292-8433cd21fd22",
    "modules": [
        {
            "path": [
                "root"
            ],
            "outputs": {},
            "resources": {
                "google_compute_instance.default": {
                    "type": "google_compute_instance",
                    "depends_on": [],
                    "primary": {
                        "id": "ecfsterraform2",
                        "attributes": {
                            "attached_disk.#": "0",
                            "boot_disk.#": "1",
                            "boot_disk.0.auto_delete": "true",
                            "boot_disk.0.device_name": "persistent-disk-0",
                            "boot_disk.0.disk_encryption_key_raw": "",
                            "boot_disk.0.disk_encryption_key_sha256": "",
                            "boot_disk.0.initialize_params.#": "1",
                            "boot_disk.0.initialize_params.0.image": "projects/elastifile-ci/global/images/emanage-2-1-0-9-0ca67e546044",
                            "boot_disk.0.initialize_params.0.size": "0",
                            "boot_disk.0.initialize_params.0.type": "",
                            "boot_disk.0.source": "ecfsterraform2",
                            "can_ip_forward": "false",
                            "create_timeout": "4",
                            "disk.#": "0",
                            "id": "ecfsterraform2",
                            "label_fingerprint": "42WmSpB8rSM=",
                            "machine_type": "n1-standard-2",
                            "metadata.%": "1",
                            "metadata.reference_name": "ecfsterraform2",
                            "metadata_fingerprint": "0jhzNBrFpsw=",
                            "metadata_startup_script": "echo hi \u003e /test.txt",
                            "name": "ecfsterraform2",
                            "network.#": "0",
                            "network_interface.#": "1",
                            "network_interface.0.access_config.#": "1",
                            "network_interface.0.access_config.0.assigned_nat_ip": "104.155.151.10",
                            "network_interface.0.access_config.0.nat_ip": "",
                            "network_interface.0.address": "10.128.0.2",
                            "network_interface.0.name": "nic0",
                            "network_interface.0.network": "https://www.googleapis.com/compute/v1/projects/elastifile-sa/global/networks/default",
                            "network_interface.0.subnetwork": "https://www.googleapis.com/compute/v1/projects/elastifile-sa/regions/us-central1/subnetworks/default",
                            "network_interface.0.subnetwork_project": "elastifile-sa",
                            "scheduling.#": "1",
                            "scheduling.0.automatic_restart": "true",
                            "scheduling.0.on_host_maintenance": "MIGRATE",
                            "scheduling.0.preemptible": "false",
                            "scratch_disk.#": "1",
                            "scratch_disk.0.interface": "SCSI",
                            "self_link": "https://www.googleapis.com/compute/v1/projects/elastifile-sa/zones/us-central1-a/instances/ecfsterraform2",
                            "service_account.#": "1",
                            "service_account.0.email": "754349772545-compute@developer.gserviceaccount.com",
                            "service_account.0.scopes.#": "1",
                            "service_account.0.scopes.1733087937": "https://www.googleapis.com/auth/cloud-platform",
                            "tags.#": "1",
                            "tags.988335155": "http-server",
                            "tags_fingerprint": "FYLDgkTKlA4=",
                            "zone": "us-central1-a"
                        },
                        "meta": {
                            "schema_version": "2"
                        },
                        "tainted": false
                    },
                    "deposed": [],
                    "provider": ""
                }
            },
            "depends_on": []
        }
    ]
}
